
Microsoft Visual Studio Solution File, Format Version 12.00
# Visual Studio Version 17
VisualStudioVersion = 17.2.32526.322
MinimumVisualStudioVersion = 10.0.40219.1
Project("{FAE04EC0-301F-11D3-BF4B-00C04F79EFBC}") = "MDRPC", "MDRPC\MDRPC.csproj", "{C3121DB3-33AE-4CC2-A3A4-740D945BD33C}"
EndProject
Global
	GlobalSection(SolutionConfigurationPlatforms) = preSolution
		Debug|Any CPU = Debug|Any CPU
		Release|Any CPU = Release|Any CPU
	EndGlobalSection
	GlobalSection(ProjectConfigurationPlatforms) = postSolution
		{C3121DB3-33AE-4CC2-A3A4-740D945BD33C}.Debug|Any CPU.ActiveCfg = Debug|Any CPU
		{C3121DB3-33AE-4CC2-A3A4-740D945BD33C}.Debug|Any CPU.Build.0 = Debug|Any CPU
		{C3121DB3-33AE-4CC2-A3A4-740D945BD33C}.Release|Any CPU.ActiveCfg = Release|Any CPU
		{C3121DB3-33AE-4CC2-A3A4-740D945BD33C}.Release|Any CPU.Build.0 = Release|Any CPU
	EndGlobalSection
	GlobalSection(SolutionProperties) = preSolution
		HideSolutionNode = FALSE
	EndGlobalSection
	GlobalSection(ExtensibilityGlobals) = postSolution
		SolutionGuid = {8C4D4847-F267-4781-A6DA-247B4AC23FAE}
	EndGlobalSection
EndGlobal
